// !$*UTF8*$!
{
	archiveVersion = 1;
	classes = {
	};
	objectVersion = 46;
	objects = {

/* Begin PBXBuildFile section */
		7991B138F1C1D8216149E607 /* libPods-A.a in Frameworks */ = {isa = PBXBuildFile; fileRef = 58E396B4BD4223F383C643FE /* libPods-A.a */; };
		C93D6BFA1EAF5F220087A23D /* main.m in Sources */ = {isa = PBXBuildFile; fileRef = C93D6BF91EAF5F220087A23D /* main.m */; };
		C93D6BFD1EAF5F220087A23D /* AppDelegate.m in Sources */ = {isa = PBXBuildFile; fileRef = C93D6BFC1EAF5F220087A23D /* AppDelegate.m */; };
		C93D6C001EAF5F220087A23D /* ViewController.m in Sources */ = {isa = PBXBuildFile; fileRef = C93D6BFF1EAF5F220087A23D /* ViewController.m */; };
		C93D6C031EAF5F220087A23D /* Main.storyboard in Resources */ = {isa = PBXBuildFile; fileRef = C93D6C011EAF5F220087A23D /* Main.storyboard */; };
		C93D6C051EAF5F220087A23D /* Assets.xcassets in Resources */ = {isa = PBXBuildFile; fileRef = C93D6C041EAF5F220087A23D /* Assets.xcassets */; };
		C93D6C081EAF5F220087A23D /* LaunchScreen.storyboard in Resources */ = {isa = PBXBuildFile; fileRef = C93D6C061EAF5F220087A23D /* LaunchScreen.storyboard */; };
		C93D6C131EAF5F220087A23D /* ATests.m in Sources */ = {isa = PBXBuildFile; fileRef = C93D6C121EAF5F220087A23D /* ATests.m */; };
		C93D6C1E1EAF5F220087A23D /* AUITests.m in Sources */ = {isa = PBXBuildFile; fileRef = C93D6C1D1EAF5F220087A23D /* AUITests.m */; };
		C93D6C2E1EAF604C0087A23D /* AViewController.m in Sources */ = {isa = PBXBuildFile; fileRef = C93D6C2D1EAF604C0087A23D /* AViewController.m */; };
/* End PBXBuildFile section */

/* Begin PBXContainerItemProxy section */
		C93D6C0F1EAF5F220087A23D /* PBXContainerItemProxy */ = {
			isa = PBXContainerItemProxy;
			containerPortal = C93D6BED1EAF5F220087A23D /* Project object */;
			proxyType = 1;
			remoteGlobalIDString = C93D6BF41EAF5F220087A23D;
			remoteInfo = A;
		};
		C93D6C1A1EAF5F220087A23D /* PBXContainerItemProxy */ = {
			isa = PBXContainerItemProxy;
			containerPortal = C93D6BED1EAF5F220087A23D /* Project object */;
			proxyType = 1;
			remoteGlobalIDString = C93D6BF41EAF5F220087A23D;
			remoteInfo = A;
		};
/* End PBXContainerItemProxy section */

/* Begin PBXFileReference section */
		1F7D06EA64267D2BAF7C0B21 /* Pods-A.release.xcconfig */ = {isa = PBXFileReference; includeInIndex = 1; lastKnownFileType = text.xcconfig; name = "Pods-A.release.xcconfig"; path = "Pods/Target Support Files/Pods-A/Pods-A.release.xcconfig"; sourceTree = "<group>"; };
		58E396B4BD4223F383C643FE /* libPods-A.a */ = {isa = PBXFileReference; explicitFileType = archive.ar; includeInIndex = 0; path = "libPods-A.a"; sourceTree = BUILT_PRODUCTS_DIR; };
		C93D6BF51EAF5F220087A23D /* A.app */ = {isa = PBXFileReference; explicitFileType = wrapper.application; includeInIndex = 0; path = A.app; sourceTree = BUILT_PRODUCTS_DIR; };
		C93D6BF91EAF5F220087A23D /* main.m */ = {isa = PBXFileReference; lastKnownFileType = sourcecode.c.objc; path = main.m; sourceTree = "<group>"; };
		C93D6BFB1EAF5F220087A23D /* AppDelegate.h */ = {isa = PBXFileReference; lastKnownFileType = sourcecode.c.h; path = AppDelegate.h; sourceTree = "<group>"; };
		C93D6BFC1EAF5F220087A23D /* AppDelegate.m */ = {isa = PBXFileReference; lastKnownFileType = sourcecode.c.objc; path = AppDelegate.m; sourceTree = "<group>"; };
		C93D6BFE1EAF5F220087A23D /* ViewController.h */ = {isa = PBXFileReference; lastKnownFileType = sourcecode.c.h; path = ViewController.h; sourceTree = "<group>"; };
		C93D6BFF1EAF5F220087A23D /* ViewController.m */ = {isa = PBXFileReference; lastKnownFileType = sourcecode.c.objc; path = ViewController.m; sourceTree = "<group>"; };
		C93D6C021EAF5F220087A23D /* Base */ = {isa = PBXFileReference; lastKnownFileType = file.storyboard; name = Base; path = Base.lproj/Main.storyboard; sourceTree = "<group>"; };
		C93D6C041EAF5F220087A23D /* Assets.xcassets */ = {isa = PBXFileReference; lastKnownFileType = folder.assetcatalog; path = Assets.xcassets; sourceTree = "<group>"; };
		C93D6C071EAF5F220087A23D /* Base */ = {isa = PBXFileReference; lastKnownFileType = file.storyboard; name = Base; path = Base.lproj/LaunchScreen.storyboard; sourceTree = "<group>"; };
		C93D6C091EAF5F220087A23D /* Info.plist */ = {isa = PBXFileReference; lastKnownFileType = text.plist.xml; path = Info.plist; sourceTree = "<group>"; };
		C93D6C0E1EAF5F220087A23D /* ATests.xctest */ = {isa = PBXFileReference; explicitFileType = wrapper.cfbundle; includeInIndex = 0; path = ATests.xctest; sourceTree = BUILT_PRODUCTS_DIR; };
		C93D6C121EAF5F220087A23D /* ATests.m */ = {isa = PBXFileReference; lastKnownFileType = sourcecode.c.objc; path = ATests.m; sourceTree = "<group>"; };
		C93D6C141EAF5F220087A23D /* Info.plist */ = {isa = PBXFileReference; lastKnownFileType = text.plist.xml; path = Info.plist; sourceTree = "<group>"; };
		C93D6C191EAF5F220087A23D /* AUITests.xctest */ = {isa = PBXFileReference; explicitFileType = wrapper.cfbundle; includeInIndex = 0; path = AUITests.xctest; sourceTree = BUILT_PRODUCTS_DIR; };
		C93D6C1D1EAF5F220087A23D /* AUITests.m */ = {isa = PBXFileReference; lastKnownFileType = sourcecode.c.objc; path = AUITests.m; sourceTree = "<group>"; };
		C93D6C1F1EAF5F220087A23D /* Info.plist */ = {isa = PBXFileReference; lastKnownFileType = text.plist.xml; path = Info.plist; sourceTree = "<group>"; };
		C93D6C2C1EAF604C0087A23D /* AViewController.h */ = {isa = PBXFileReference; fileEncoding = 4; lastKnownFileType = sourcecode.c.h; path = AViewController.h; sourceTree = "<group>"; };
		C93D6C2D1EAF604C0087A23D /* AViewController.m */ = {isa = PBXFileReference; fileEncoding = 4; lastKnownFileType = sourcecode.c.objc; path = AViewController.m; sourceTree = "<group>"; };
		EB940B7951D4B920E877C973 /* Pods-A.debug.xcconfig */ = {isa = PBXFileReference; includeInIndex = 1; lastKnownFileType = text.xcconfig; name = "Pods-A.debug.xcconfig"; path = "Pods/Target Support Files/Pods-A/Pods-A.debug.xcconfig"; sourceTree = "<group>"; };
/* End PBXFileReference section */

/* Begin PBXFrameworksBuildPhase section */
		C93D6BF21EAF5F220087A23D /* Frameworks */ = {
			isa = PBXFrameworksBuildPhase;
			buildActionMask = 2147483647;
			files = (
				7991B138F1C1D8216149E607 /* libPods-A.a in Frameworks */,
			);
			runOnlyForDeploymentPostprocessing = 0;
		};
		C93D6C0B1EAF5F220087A23D /* Frameworks */ = {
			isa = PBXFrameworksBuildPhase;
			buildActionMask = 2147483647;
			files = (
			);
			runOnlyForDeploymentPostprocessing = 0;
		};
		C93D6C161EAF5F220087A23D /* Frameworks */ = {
			isa = PBXFrameworksBuildPhase;
			buildActionMask = 2147483647;
			files = (
			);
			runOnlyForDeploymentPostprocessing = 0;
		};
/* End PBXFrameworksBuildPhase section */

/* Begin PBXGroup section */
		627B145E2A2130452E8B73F6 /* Pods */ = {
			isa = PBXGroup;
			children = (
				EB940B7951D4B920E877C973 /* Pods-A.debug.xcconfig */,
				1F7D06EA64267D2BAF7C0B21 /* Pods-A.release.xcconfig */,
			);
			name = Pods;
			sourceTree = "<group>";
		};
		C93D6BEC1EAF5F220087A23D = {
			isa = PBXGroup;
			children = (
				C93D6BF71EAF5F220087A23D /* A */,
				C93D6C111EAF5F220087A23D /* ATests */,
				C93D6C1C1EAF5F220087A23D /* AUITests */,
				C93D6BF61EAF5F220087A23D /* Products */,
				627B145E2A2130452E8B73F6 /* Pods */,
				F84B4B939CF33418F0C61BA1 /* Frameworks */,
			);
			sourceTree = "<group>";
		};
		C93D6BF61EAF5F220087A23D /* Products */ = {
			isa = PBXGroup;
			children = (
				C93D6BF51EAF5F220087A23D /* A.app */,
				C93D6C0E1EAF5F220087A23D /* ATests.xctest */,
				C93D6C191EAF5F220087A23D /* AUITests.xctest */,
			);
			name = Products;
			sourceTree = "<group>";
		};
		C93D6BF71EAF5F220087A23D /* A */ = {
			isa = PBXGroup;
			children = (
				C93D6C2B1EAF604C0087A23D /* A */,
				C93D6BFB1EAF5F220087A23D /* AppDelegate.h */,
				C93D6BFC1EAF5F220087A23D /* AppDelegate.m */,
				C93D6BFE1EAF5F220087A23D /* ViewController.h */,
				C93D6BFF1EAF5F220087A23D /* ViewController.m */,
				C93D6C011EAF5F220087A23D /* Main.storyboard */,
				C93D6C041EAF5F220087A23D /* Assets.xcassets */,
				C93D6C061EAF5F220087A23D /* LaunchScreen.storyboard */,
				C93D6C091EAF5F220087A23D /* Info.plist */,
				C93D6BF81EAF5F220087A23D /* Supporting Files */,
			);
			path = A;
			sourceTree = "<group>";
		};
		C93D6BF81EAF5F220087A23D /* Supporting Files */ = {
			isa = PBXGroup;
			children = (
				C93D6BF91EAF5F220087A23D /* main.m */,
			);
			name = "Supporting Files";
			sourceTree = "<group>";
		};
		C93D6C111EAF5F220087A23D /* ATests */ = {
			isa = PBXGroup;
			children = (
				C93D6C121EAF5F220087A23D /* ATests.m */,
				C93D6C141EAF5F220087A23D /* Info.plist */,
			);
			path = ATests;
			sourceTree = "<group>";
		};
		C93D6C1C1EAF5F220087A23D /* AUITests */ = {
			isa = PBXGroup;
			children = (
				C93D6C1D1EAF5F220087A23D /* AUITests.m */,
				C93D6C1F1EAF5F220087A23D /* Info.plist */,
			);
			path = AUITests;
			sourceTree = "<group>";
		};
		C93D6C2B1EAF604C0087A23D /* A */ = {
			isa = PBXGroup;
			children = (
				C93D6C2C1EAF604C0087A23D /* AViewController.h */,
				C93D6C2D1EAF604C0087A23D /* AViewController.m */,
			);
			path = A;
			sourceTree = "<group>";
		};
		F84B4B939CF33418F0C61BA1 /* Frameworks */ = {
			isa = PBXGroup;
			children = (
				58E396B4BD4223F383C643FE /* libPods-A.a */,
			);
			name = Frameworks;
			sourceTree = "<group>";
		};
/* End PBXGroup section */

/* Begin PBXNativeTarget section */
		C93D6BF41EAF5F220087A23D /* A */ = {
			isa = PBXNativeTarget;
			buildConfigurationList = C93D6C221EAF5F220087A23D /* Build configuration list for PBXNativeTarget "A" */;
			buildPhases = (
				4BFA501629A8BA577CB224D3 /* [CP] Check Pods Manifest.lock */,
				C93D6BF11EAF5F220087A23D /* Sources */,
				C93D6BF21EAF5F220087A23D /* Frameworks */,
				C93D6BF31EAF5F220087A23D /* Resources */,
				5FA5CFA694F601C45DBDBA95 /* [CP] Embed Pods Frameworks */,
				9E8B1C845E98A21435AAE2D5 /* [CP] Copy Pods Resources */,
			);
			buildRules = (
			);
			dependencies = (
			);
			name = A;
			productName = A;
			productReference = C93D6BF51EAF5F220087A23D /* A.app */;
			productType = "com.apple.product-type.application";
		};
		C93D6C0D1EAF5F220087A23D /* ATests */ = {
			isa = PBXNativeTarget;
			buildConfigurationList = C93D6C251EAF5F220087A23D /* Build configuration list for PBXNativeTarget "ATests" */;
			buildPhases = (
				C93D6C0A1EAF5F220087A23D /* Sources */,
				C93D6C0B1EAF5F220087A23D /* Frameworks */,
				C93D6C0C1EAF5F220087A23D /* Resources */,
			);
			buildRules = (
			);
			dependencies = (
				C93D6C101EAF5F220087A23D /* PBXTargetDependency */,
			);
			name = ATests;
			productName = ATests;
			productReference = C93D6C0E1EAF5F220087A23D /* ATests.xctest */;
			productType = "com.apple.product-type.bundle.unit-test";
		};
		C93D6C181EAF5F220087A23D /* AUITests */ = {
			isa = PBXNativeTarget;
			buildConfigurationList = C93D6C281EAF5F220087A23D /* Build configuration list for PBXNativeTarget "AUITests" */;
			buildPhases = (
				C93D6C151EAF5F220087A23D /* Sources */,
				C93D6C161EAF5F220087A23D /* Frameworks */,
				C93D6C171EAF5F220087A23D /* Resources */,
			);
			buildRules = (
			);
			dependencies = (
				C93D6C1B1EAF5F220087A23D /* PBXTargetDependency */,
			);
			name = AUITests;
			productName = AUITests;
			productReference = C93D6C191EAF5F220087A23D /* AUITests.xctest */;
			productType = "com.apple.product-type.bundle.ui-testing";
		};
/* End PBXNativeTarget section */

/* Begin PBXProject section */
		C93D6BED1EAF5F220087A23D /* Project object */ = {
			isa = PBXProject;
			attributes = {
				LastUpgradeCheck = 0830;
				ORGANIZATIONNAME = com.qhfax;
				TargetAttributes = {
					C93D6BF41EAF5F220087A23D = {
						CreatedOnToolsVersion = 8.3.1;
						DevelopmentTeam = JHA85WF3AT;
						ProvisioningStyle = Automatic;
					};
					C93D6C0D1EAF5F220087A23D = {
						CreatedOnToolsVersion = 8.3.1;
						DevelopmentTeam = JHA85WF3AT;
						ProvisioningStyle = Automatic;
						TestTargetID = C93D6BF41EAF5F220087A23D;
					};
					C93D6C181EAF5F220087A23D = {
						CreatedOnToolsVersion = 8.3.1;
						DevelopmentTeam = JHA85WF3AT;
						ProvisioningStyle = Automatic;
						TestTargetID = C93D6BF41EAF5F220087A23D;
					};
				};
			};
			buildConfigurationList = C93D6BF01EAF5F220087A23D /* Build configuration list for PBXProject "A" */;
			compatibilityVersion = "Xcode 3.2";
			developmentRegion = English;
			hasScannedForEncodings = 0;
			knownRegions = (
				en,
				Base,
			);
			mainGroup = C93D6BEC1EAF5F220087A23D;
			productRefGroup = C93D6BF61EAF5F220087A23D /* Products */;
			projectDirPath = "";
			projectRoot = "";
			targets = (
				C93D6BF41EAF5F220087A23D /* A */,
				C93D6C0D1EAF5F220087A23D /* ATests */,
				C93D6C181EAF5F220087A23D /* AUITests */,
			);
		};
/* End PBXProject section */

/* Begin PBXResourcesBuildPhase section */
		C93D6BF31EAF5F220087A23D /* Resources */ = {
			isa = PBXResourcesBuildPhase;
			buildActionMask = 2147483647;
			files = (
				C93D6C081EAF5F220087A23D /* LaunchScreen.storyboard in Resources */,
				C93D6C051EAF5F220087A23D /* Assets.xcassets in Resources */,
				C93D6C031EAF5F220087A23D /* Main.storyboard in Resources */,
			);
			runOnlyForDeploymentPostprocessing = 0;
		};
		C93D6C0C1EAF5F220087A23D /* Resources */ = {
			isa = PBXResourcesBuildPhase;
			buildActionMask = 2147483647;
			files = (
			);
			runOnlyForDeploymentPostprocessing = 0;
		};
		C93D6C171EAF5F220087A23D /* Resources */ = {
			isa = PBXResourcesBuildPhase;
			buildActionMask = 2147483647;
			files = (
			);
			runOnlyForDeploymentPostprocessing = 0;
		};
/* End PBXResourcesBuildPhase section */

/* Begin PBXShellScriptBuildPhase section */
		4BFA501629A8BA577CB224D3 /* [CP] Check Pods Manifest.lock */ = {
			isa = PBXShellScriptBuildPhase;
			buildActionMask = 2147483647;
			files = (
			);
			inputPaths = (
			);
			name = "[CP] Check Pods Manifest.lock";
			outputPaths = (
			);
			runOnlyForDeploymentPostprocessing = 0;
			shellPath = /bin/sh;
			shellScript = "diff \"${PODS_ROOT}/../Podfile.lock\" \"${PODS_ROOT}/Manifest.lock\" > /dev/null\nif [ $? != 0 ] ; then\n    # print error to STDERR\n    echo \"error: The sandbox is not in sync with the Podfile.lock. Run 'pod install' or update your CocoaPods installation.\" >&2\n    exit 1\nfi\n";
			showEnvVarsInLog = 0;
		};
		5FA5CFA694F601C45DBDBA95 /* [CP] Embed Pods Frameworks */ = {
			isa = PBXShellScriptBuildPhase;
			buildActionMask = 2147483647;
			files = (
			);
			inputPaths = (
			);
			name = "[CP] Embed Pods Frameworks";
			outputPaths = (
			);
			runOnlyForDeploymentPostprocessing = 0;
			shellPath = /bin/sh;
			shellScript = "\"${SRCROOT}/Pods/Target Support Files/Pods-A/Pods-A-frameworks.sh\"\n";
			showEnvVarsInLog = 0;
		};
		9E8B1C845E98A21435AAE2D5 /* [CP] Copy Pods Resources */ = {
			isa = PBXShellScriptBuildPhase;
			buildActionMask = 2147483647;
			files = (
			);
			inputPaths = (
			);
			name = "[CP] Copy Pods Resources";
			outputPaths = (
			);
			runOnlyForDeploymentPostprocessing = 0;
			shellPath = /bin/sh;
			shellScript = "\"${SRCROOT}/Pods/Target Support Files/Pods-A/Pods-A-resources.sh\"\n";
			showEnvVarsInLog = 0;
		};
/* End PBXShellScriptBuildPhase section */

/* Begin PBXSourcesBuildPhase section */
		C93D6BF11EAF5F220087A23D /* Sources */ = {
			isa = PBXSourcesBuildPhase;
			buildActionMask = 2147483647;
			files = (
				C93D6C2E1EAF604C0087A23D /* AViewController.m in Sources */,
				C93D6C001EAF5F220087A23D /* ViewController.m in Sources */,
				C93D6BFD1EAF5F220087A23D /* AppDelegate.m in Sources */,
				C93D6BFA1EAF5F220087A23D /* main.m in Sources */,
			);
			runOnlyForDeploymentPostprocessing = 0;
		};
		C93D6C0A1EAF5F220087A23D /* Sources */ = {
			isa = PBXSourcesBuildPhase;
			buildActionMask = 2147483647;
			files = (
				C93D6C131EAF5F220087A23D /* ATests.m in Sources */,
			);
			runOnlyForDeploymentPostprocessing = 0;
		};
		C93D6C151EAF5F220087A23D /* Sources */ = {
			isa = PBXSourcesBuildPhase;
			buildActionMask = 2147483647;
			files = (
				C93D6C1E1EAF5F220087A23D /* AUITests.m in Sources */,
			);
			runOnlyForDeploymentPostprocessing = 0;
		};
/* End PBXSourcesBuildPhase section */

/* Begin PBXTargetDependency section */
		C93D6C101EAF5F220087A23D /* PBXTargetDependency */ = {
			isa = PBXTargetDependency;
			target = C93D6BF41EAF5F220087A23D /* A */;
			targetProxy = C93D6C0F1EAF5F220087A23D /* PBXContainerItemProxy */;
		};
		C93D6C1B1EAF5F220087A23D /* PBXTargetDependency */ = {
			isa = PBXTargetDependency;
			target = C93D6BF41EAF5F220087A23D /* A */;
			targetProxy = C93D6C1A1EAF5F220087A23D /* PBXContainerItemProxy */;
		};
/* End PBXTargetDependency section */

/* Begin PBXVariantGroup section */
		C93D6C011EAF5F220087A23D /* Main.storyboard */ = {
			isa = PBXVariantGroup;
			children = (
				C93D6C021EAF5F220087A23D /* Base */,
			);
			name = Main.storyboard;
			sourceTree = "<group>";
		};
		C93D6C061EAF5F220087A23D /* LaunchScreen.storyboard */ = {
			isa = PBXVariantGroup;
			children = (
				C93D6C071EAF5F220087A23D /* Base */,
			);
			name = LaunchScreen.storyboard;
			sourceTree = "<group>";
		};
/* End PBXVariantGroup section */

/* Begin XCBuildConfiguration section */
		C93D6C201EAF5F220087A23D /* Debug */ = {
			isa = XCBuildConfiguration;
			buildSettings = {
				ALWAYS_SEARCH_USER_PATHS = NO;
				CLANG_ANALYZER_NONNULL = YES;
				CLANG_ANALYZER_NUMBER_OBJECT_CONVERSION = YES_AGGRESSIVE;
				CLANG_CXX_LANGUAGE_STANDARD = "gnu++0x";
				CLANG_CXX_LIBRARY = "libc++";
				CLANG_ENABLE_MODULES = YES;
				CLANG_ENABLE_OBJC_ARC = YES;
				CLANG_WARN_BOOL_CONVERSION = YES;
				CLANG_WARN_CONSTANT_CONVERSION = YES;
				CLANG_WARN_DIRECT_OBJC_ISA_USAGE = YES_ERROR;
				CLANG_WARN_DOCUMENTATION_COMMENTS = YES;
				CLANG_WARN_EMPTY_BODY = YES;
				CLANG_WARN_ENUM_CONVERSION = YES;
				CLANG_WARN_INFINITE_RECURSION = YES;
				CLANG_WARN_INT_CONVERSION = YES;
				CLANG_WARN_OBJC_ROOT_CLASS = YES_ERROR;
				CLANG_WARN_SUSPICIOUS_MOVE = YES;
				CLANG_WARN_UNREACHABLE_CODE = YES;
				CLANG_WARN__DUPLICATE_METHOD_MATCH = YES;
				"CODE_SIGN_IDENTITY[sdk=iphoneos*]" = "iPhone Developer";
				COPY_PHASE_STRIP = NO;
				DEBUG_INFORMATION_FORMAT = dwarf;
				ENABLE_STRICT_OBJC_MSGSEND = YES;
				ENABLE_TESTABILITY = YES;
				GCC_C_LANGUAGE_STANDARD = gnu99;
				GCC_DYNAMIC_NO_PIC = NO;
				GCC_NO_COMMON_BLOCKS = YES;
				GCC_OPTIMIZATION_LEVEL = 0;
				GCC_PREPROCESSOR_DEFINITIONS = (
					"DEBUG=1",
					"$(inherited)",
				);
				GCC_WARN_64_TO_32_BIT_CONVERSION = YES;
				GCC_WARN_ABOUT_RETURN_TYPE = YES_ERROR;
				GCC_WARN_UNDECLARED_SELECTOR = YES;
				GCC_WARN_UNINITIALIZED_AUTOS = YES_AGGRESSIVE;
				GCC_WARN_UNUSED_FUNCTION = YES;
				GCC_WARN_UNUSED_VARIABLE = YES;
				IPHONEOS_DEPLOYMENT_TARGET = 10.3;
				MTL_ENABLE_DEBUG_INFO = YES;
				ONLY_ACTIVE_ARCH = YES;
				SDKROOT = iphoneos;
			};
			name = Debug;
		};
		C93D6C211EAF5F220087A23D /* Release */ = {
			isa = XCBuildConfiguration;
			buildSettings = {
				ALWAYS_SEARCH_USER_PATHS = NO;
				CLANG_ANALYZER_NONNULL = YES;
				CLANG_ANALYZER_NUMBER_OBJECT_CONVERSION = YES_AGGRESSIVE;
				CLANG_CXX_LANGUAGE_STANDARD = "gnu++0x";
				CLANG_CXX_LIBRARY = "libc++";
				CLANG_ENABLE_MODULES = YES;
				CLANG_ENABLE_OBJC_ARC = YES;
				CLANG_WARN_BOOL_CONVERSION = YES;
				CLANG_WARN_CONSTANT_CONVERSION = YES;
				CLANG_WARN_DIRECT_OBJC_ISA_USAGE = YES_ERROR;
				CLANG_WARN_DOCUMENTATION_COMMENTS = YES;
				CLANG_WARN_EMPTY_BODY = YES;
				CLANG_WARN_ENUM_CONVERSION = YES;
				CLANG_WARN_INFINITE_RECURSION = YES;
				CLANG_WARN_INT_CONVERSION = YES;
				CLANG_WARN_OBJC_ROOT_CLASS = YES_ERROR;
				CLANG_WARN_SUSPICIOUS_MOVE = YES;
				CLANG_WARN_UNREACHABLE_CODE = YES;
				CLANG_WARN__DUPLICATE_METHOD_MATCH = YES;
				"CODE_SIGN_IDENTITY[sdk=iphoneos*]" = "iPhone Developer";
				COPY_PHASE_STRIP = NO;
				DEBUG_INFORMATION_FORMAT = "dwarf-with-dsym";
				ENABLE_NS_ASSERTIONS = NO;
				ENABLE_STRICT_OBJC_MSGSEND = YES;
				GCC_C_LANGUAGE_STANDARD = gnu99;
				GCC_NO_COMMON_BLOCKS = YES;
				GCC_WARN_64_TO_32_BIT_CONVERSION = YES;
				GCC_WARN_ABOUT_RETURN_TYPE = YES_ERROR;
				GCC_WARN_UNDECLARED_SELECTOR = YES;
				GCC_WARN_UNINITIALIZED_AUTOS = YES_AGGRESSIVE;
				GCC_WARN_UNUSED_FUNCTION = YES;
				GCC_WARN_UNUSED_VARIABLE = YES;
				IPHONEOS_DEPLOYMENT_TARGET = 10.3;
				MTL_ENABLE_DEBUG_INFO = NO;
				SDKROOT = iphoneos;
				VALIDATE_PRODUCT = YES;
			};
			name = Release;
		};
		C93D6C231EAF5F220087A23D /* Debug */ = {
			isa = XCBuildConfiguration;
			baseConfigurationReference = EB940B7951D4B920E877C973 /* Pods-A.debug.xcconfig */;
			buildSettings = {
				ASSETCATALOG_COMPILER_APPICON_NAME = AppIcon;
				DEVELOPMENT_TEAM = JHA85WF3AT;
				INFOPLIST_FILE = A/Info.plist;
				LD_RUNPATH_SEARCH_PATHS = "$(inherited) @executable_path/Frameworks";
				PRODUCT_BUNDLE_IDENTIFIER = wangjian.A;
				PRODUCT_NAME = "$(TARGET_NAME)";
			};
			name = Debug;
		};
		C93D6C241EAF5F220087A23D /* Release */ = {
			isa = XCBuildConfiguration;
			baseConfigurationReference = 1F7D06EA64267D2BAF7C0B21 /* Pods-A.release.xcconfig */;
			buildSettings = {
				ASSETCATALOG_COMPILER_APPICON_NAME = AppIcon;
				DEVELOPMENT_TEAM = JHA85WF3AT;
				INFOPLIST_FILE = A/Info.plist;
				LD_RUNPATH_SEARCH_PATHS = "$(inherited) @executable_path/Frameworks";
				PRODUCT_BUNDLE_IDENTIFIER = wangjian.A;
				PRODUCT_NAME = "$(TARGET_NAME)";
			};
			name = Release;
		};
		C93D6C261EAF5F220087A23D /* Debug */ = {
			isa = XCBuildConfiguration;
			buildSettings = {
				BUNDLE_LOADER = "$(TEST_HOST)";
				DEVELOPMENT_TEAM = JHA85WF3AT;
				INFOPLIST_FILE = ATests/Info.plist;
				LD_RUNPATH_SEARCH_PATHS = "$(inherited) @executable_path/Frameworks @loader_path/Frameworks";
				PRODUCT_BUNDLE_IDENTIFIER = wangjian.ATests;
				PRODUCT_NAME = "$(TARGET_NAME)";
				TEST_HOST = "$(BUILT_PRODUCTS_DIR)/A.app/A";
			};
			name = Debug;
		};
		C93D6C271EAF5F220087A23D /* Release */ = {
			isa = XCBuildConfiguration;
			buildSettings = {
				BUNDLE_LOADER = "$(TEST_HOST)";
				DEVELOPMENT_TEAM = JHA85WF3AT;
				INFOPLIST_FILE = ATests/Info.plist;
				LD_RUNPATH_SEARCH_PATHS = "$(inherited) @executable_path/Frameworks @loader_path/Frameworks";
				PRODUCT_BUNDLE_IDENTIFIER = wangjian.ATests;
				PRODUCT_NAME = "$(TARGET_NAME)";
				TEST_HOST = "$(BUILT_PRODUCTS_DIR)/A.app/A";
			};
			name = Release;
		};
		C93D6C291EAF5F220087A23D /* Debug */ = {
			isa = XCBuildConfiguration;
			buildSettings = {
				DEVELOPMENT_TEAM = JHA85WF3AT;
				INFOPLIST_FILE = AUITests/Info.plist;
				LD_RUNPATH_SEARCH_PATHS = "$(inherited) @executable_path/Frameworks @loader_path/Frameworks";
				PRODUCT_BUNDLE_IDENTIFIER = wangjian.AUITests;
				PRODUCT_NAME = "$(TARGET_NAME)";
				TEST_TARGET_NAME = A;
			};
			name = Debug;
		};
		C93D6C2A1EAF5F220087A23D /* Release */ = {
			isa = XCBuildConfiguration;
			buildSettings = {
				DEVELOPMENT_TEAM = JHA85WF3AT;
				INFOPLIST_FILE = AUITests/Info.plist;
				LD_RUNPATH_SEARCH_PATHS = "$(inherited) @executable_path/Frameworks @loader_path/Frameworks";
				PRODUCT_BUNDLE_IDENTIFIER = wangjian.AUITests;
				PRODUCT_NAME = "$(TARGET_NAME)";
				TEST_TARGET_NAME = A;
			};
			name = Release;
		};
/* End XCBuildConfiguration section */

/* Begin XCConfigurationList section */
		C93D6BF01EAF5F220087A23D /* Build configuration list for PBXProject "A" */ = {
			isa = XCConfigurationList;
			buildConfigurations = (
				C93D6C201EAF5F220087A23D /* Debug */,
				C93D6C211EAF5F220087A23D /* Release */,
			);
			defaultConfigurationIsVisible = 0;
			defaultConfigurationName = Release;
		};
		C93D6C221EAF5F220087A23D /* Build configuration list for PBXNativeTarget "A" */ = {
			isa = XCConfigurationList;
			buildConfigurations = (
				C93D6C231EAF5F220087A23D /* Debug */,
				C93D6C241EAF5F220087A23D /* Release */,
			);
			defaultConfigurationIsVisible = 0;
			defaultConfigurationName = Release;
		};
		C93D6C251EAF5F220087A23D /* Build configuration list for PBXNativeTarget "ATests" */ = {
			isa = XCConfigurationList;
			buildConfigurations = (
				C93D6C261EAF5F220087A23D /* Debug */,
				C93D6C271EAF5F220087A23D /* Release */,
			);
			defaultConfigurationIsVisible = 0;
			defaultConfigurationName = Release;
		};
		C93D6C281EAF5F220087A23D /* Build configuration list for PBXNativeTarget "AUITests" */ = {
			isa = XCConfigurationList;
			buildConfigurations = (
				C93D6C291EAF5F220087A23D /* Debug */,
				C93D6C2A1EAF5F220087A23D /* Release */,
			);
			defaultConfigurationIsVisible = 0;
			defaultConfigurationName = Release;
		};
/* End XCConfigurationList section */
	};
	rootObject = C93D6BED1EAF5F220087A23D /* Project object */;
}
